// !$*UTF8*$!
{
	archiveVersion = 1;
	classes = {
	};
	objectVersion = 50;
	objects = {

/* Begin PBXBuildFile section */
		72A999622455B4AC00AA49A4 /* AppDelegate.swift in Sources */ = {isa = PBXBuildFile; fileRef = 72A999612455B4AC00AA49A4 /* AppDelegate.swift */; };
		72A999642455B4AC00AA49A4 /* SceneDelegate.swift in Sources */ = {isa = PBXBuildFile; fileRef = 72A999632455B4AC00AA49A4 /* SceneDelegate.swift */; };
		72A999662455B4AC00AA49A4 /* ViewController.swift in Sources */ = {isa = PBXBuildFile; fileRef = 72A999652455B4AC00AA49A4 /* ViewController.swift */; };
		72A999692455B4AC00AA49A4 /* Main.storyboard in Resources */ = {isa = PBXBuildFile; fileRef = 72A999672455B4AC00AA49A4 /* Main.storyboard */; };
		72A9996B2455B4AE00AA49A4 /* Assets.xcassets in Resources */ = {isa = PBXBuildFile; fileRef = 72A9996A2455B4AE00AA49A4 /* Assets.xcassets */; };
		72A9996E2455B4AE00AA49A4 /* LaunchScreen.storyboard in Resources */ = {isa = PBXBuildFile; fileRef = 72A9996C2455B4AE00AA49A4 /* LaunchScreen.storyboard */; };
		72A9997C2455B4EB00AA49A4 /* AppDelegate.swift in Sources */ = {isa = PBXBuildFile; fileRef = 72A9997B2455B4EB00AA49A4 /* AppDelegate.swift */; };
		72A9997E2455B4EB00AA49A4 /* SceneDelegate.swift in Sources */ = {isa = PBXBuildFile; fileRef = 72A9997D2455B4EB00AA49A4 /* SceneDelegate.swift */; };
		72A999802455B4EB00AA49A4 /* ViewController.swift in Sources */ = {isa = PBXBuildFile; fileRef = 72A9997F2455B4EB00AA49A4 /* ViewController.swift */; };
		72A999832455B4EB00AA49A4 /* Main.storyboard in Resources */ = {isa = PBXBuildFile; fileRef = 72A999812455B4EB00AA49A4 /* Main.storyboard */; };
		72A999882455B4EC00AA49A4 /* LaunchScreen.storyboard in Resources */ = {isa = PBXBuildFile; fileRef = 72A999862455B4EC00AA49A4 /* LaunchScreen.storyboard */; };
		72A9998E2455B56300AA49A4 /* Assets.xcassets in Resources */ = {isa = PBXBuildFile; fileRef = 72A9996A2455B4AE00AA49A4 /* Assets.xcassets */; };
/* End PBXBuildFile section */

/* Begin PBXFileReference section */
		72A9995E2455B4AC00AA49A4 /* Lagaoboli.app */ = {isa = PBXFileReference; explicitFileType = wrapper.application; includeInIndex = 0; path = Lagaoboli.app; sourceTree = BUILT_PRODUCTS_DIR; };
		72A999612455B4AC00AA49A4 /* AppDelegate.swift */ = {isa = PBXFileReference; lastKnownFileType = sourcecode.swift; path = AppDelegate.swift; sourceTree = "<group>"; };
		72A999632455B4AC00AA49A4 /* SceneDelegate.swift */ = {isa = PBXFileReference; lastKnownFileType = sourcecode.swift; path = SceneDelegate.swift; sourceTree = "<group>"; };
		72A999652455B4AC00AA49A4 /* ViewController.swift */ = {isa = PBXFileReference; lastKnownFileType = sourcecode.swift; path = ViewController.swift; sourceTree = "<group>"; };
		72A999682455B4AC00AA49A4 /* Base */ = {isa = PBXFileReference; lastKnownFileType = file.storyboard; name = Base; path = Base.lproj/Main.storyboard; sourceTree = "<group>"; };
		72A9996A2455B4AE00AA49A4 /* Assets.xcassets */ = {isa = PBXFileReference; lastKnownFileType = folder.assetcatalog; path = Assets.xcassets; sourceTree = "<group>"; };
		72A9996D2455B4AE00AA49A4 /* Base */ = {isa = PBXFileReference; lastKnownFileType = file.storyboard; name = Base; path = Base.lproj/LaunchScreen.storyboard; sourceTree = "<group>"; };
		72A9996F2455B4AE00AA49A4 /* Info.plist */ = {isa = PBXFileReference; lastKnownFileType = text.plist.xml; path = Info.plist; sourceTree = "<group>"; };
		72A999792455B4EB00AA49A4 /* LagaoboliAdmin.app */ = {isa = PBXFileReference; explicitFileType = wrapper.application; includeInIndex = 0; path = LagaoboliAdmin.app; sourceTree = BUILT_PRODUCTS_DIR; };
		72A9997B2455B4EB00AA49A4 /* AppDelegate.swift */ = {isa = PBXFileReference; lastKnownFileType = sourcecode.swift; path = AppDelegate.swift; sourceTree = "<group>"; };
		72A9997D2455B4EB00AA49A4 /* SceneDelegate.swift */ = {isa = PBXFileReference; lastKnownFileType = sourcecode.swift; path = SceneDelegate.swift; sourceTree = "<group>"; };
		72A9997F2455B4EB00AA49A4 /* ViewController.swift */ = {isa = PBXFileReference; lastKnownFileType = sourcecode.swift; path = ViewController.swift; sourceTree = "<group>"; };
		72A999822455B4EB00AA49A4 /* Base */ = {isa = PBXFileReference; lastKnownFileType = file.storyboard; name = Base; path = Base.lproj/Main.storyboard; sourceTree = "<group>"; };
		72A999872455B4EC00AA49A4 /* Base */ = {isa = PBXFileReference; lastKnownFileType = file.storyboard; name = Base; path = Base.lproj/LaunchScreen.storyboard; sourceTree = "<group>"; };
		72A999892455B4EC00AA49A4 /* Info.plist */ = {isa = PBXFileReference; lastKnownFileType = text.plist.xml; path = Info.plist; sourceTree = "<group>"; };
/* End PBXFileReference section */

/* Begin PBXFrameworksBuildPhase section */
		72A9995B2455B4AC00AA49A4 /* Frameworks */ = {
			isa = PBXFrameworksBuildPhase;
			buildActionMask = 2147483647;
			files = (
			);
			runOnlyForDeploymentPostprocessing = 0;
		};
		72A999762455B4EB00AA49A4 /* Frameworks */ = {
			isa = PBXFrameworksBuildPhase;
			buildActionMask = 2147483647;
			files = (
			);
			runOnlyForDeploymentPostprocessing = 0;
		};
/* End PBXFrameworksBuildPhase section */

/* Begin PBXGroup section */
		72A999552455B4AC00AA49A4 = {
			isa = PBXGroup;
			children = (
				72A9998D2455B53900AA49A4 /* Shared */,
				72A999602455B4AC00AA49A4 /* Lagaoboli */,
				72A9997A2455B4EB00AA49A4 /* LagaoboliAdmin */,
				72A9995F2455B4AC00AA49A4 /* Products */,
			);
			sourceTree = "<group>";
		};
		72A9995F2455B4AC00AA49A4 /* Products */ = {
			isa = PBXGroup;
			children = (
				72A9995E2455B4AC00AA49A4 /* Lagaoboli.app */,
				72A999792455B4EB00AA49A4 /* LagaoboliAdmin.app */,
			);
			name = Products;
			sourceTree = "<group>";
		};
		72A999602455B4AC00AA49A4 /* Lagaoboli */ = {
			isa = PBXGroup;
			children = (
				72A999612455B4AC00AA49A4 /* AppDelegate.swift */,
				72A999632455B4AC00AA49A4 /* SceneDelegate.swift */,
				72A999652455B4AC00AA49A4 /* ViewController.swift */,
				72A999672455B4AC00AA49A4 /* Main.storyboard */,
				72A9996C2455B4AE00AA49A4 /* LaunchScreen.storyboard */,
				72A9996F2455B4AE00AA49A4 /* Info.plist */,
			);
			path = Lagaoboli;
			sourceTree = "<group>";
		};
		72A9997A2455B4EB00AA49A4 /* LagaoboliAdmin */ = {
			isa = PBXGroup;
			children = (
				72A9997B2455B4EB00AA49A4 /* AppDelegate.swift */,
				72A9997D2455B4EB00AA49A4 /* SceneDelegate.swift */,
				72A9997F2455B4EB00AA49A4 /* ViewController.swift */,
				72A999812455B4EB00AA49A4 /* Main.storyboard */,
				72A999862455B4EC00AA49A4 /* LaunchScreen.storyboard */,
				72A999892455B4EC00AA49A4 /* Info.plist */,
			);
			path = LagaoboliAdmin;
			sourceTree = "<group>";
		};
		72A9998D2455B53900AA49A4 /* Shared */ = {
			isa = PBXGroup;
			children = (
				72A9996A2455B4AE00AA49A4 /* Assets.xcassets */,
			);
			path = Shared;
			sourceTree = "<group>";
		};
/* End PBXGroup section */

/* Begin PBXNativeTarget section */
		72A9995D2455B4AC00AA49A4 /* Lagaoboli */ = {
			isa = PBXNativeTarget;
			buildConfigurationList = 72A999722455B4AE00AA49A4 /* Build configuration list for PBXNativeTarget "Lagaoboli" */;
			buildPhases = (
				72A9995A2455B4AC00AA49A4 /* Sources */,
				72A9995B2455B4AC00AA49A4 /* Frameworks */,
				72A9995C2455B4AC00AA49A4 /* Resources */,
			);
			buildRules = (
			);
			dependencies = (
			);
			name = Lagaoboli;
			productName = Lagaoboli;
			productReference = 72A9995E2455B4AC00AA49A4 /* Lagaoboli.app */;
			productType = "com.apple.product-type.application";
		};
		72A999782455B4EB00AA49A4 /* LagaoboliAdmin */ = {
			isa = PBXNativeTarget;
			buildConfigurationList = 72A9998A2455B4EC00AA49A4 /* Build configuration list for PBXNativeTarget "LagaoboliAdmin" */;
			buildPhases = (
				72A999752455B4EB00AA49A4 /* Sources */,
				72A999762455B4EB00AA49A4 /* Frameworks */,
				72A999772455B4EB00AA49A4 /* Resources */,
			);
			buildRules = (
			);
			dependencies = (
			);
			name = LagaoboliAdmin;
			productName = LagaoboliAdmin;
			productReference = 72A999792455B4EB00AA49A4 /* LagaoboliAdmin.app */;
			productType = "com.apple.product-type.application";
		};
/* End PBXNativeTarget section */

/* Begin PBXProject section */
		72A999562455B4AC00AA49A4 /* Project object */ = {
			isa = PBXProject;
			attributes = {
				LastSwiftUpdateCheck = 1130;
				LastUpgradeCheck = 1130;
				ORGANIZATIONNAME = Pooja;
				TargetAttributes = {
					72A9995D2455B4AC00AA49A4 = {
						CreatedOnToolsVersion = 11.3.1;
					};
					72A999782455B4EB00AA49A4 = {
						CreatedOnToolsVersion = 11.3.1;
					};
				};
			};
			buildConfigurationList = 72A999592455B4AC00AA49A4 /* Build configuration list for PBXProject "Lagaoboli" */;
			compatibilityVersion = "Xcode 9.3";
			developmentRegion = en;
			hasScannedForEncodings = 0;
			knownRegions = (
				en,
				Base,
			);
			mainGroup = 72A999552455B4AC00AA49A4;
			productRefGroup = 72A9995F2455B4AC00AA49A4 /* Products */;
			projectDirPath = "";
			projectRoot = "";
			targets = (
				72A9995D2455B4AC00AA49A4 /* Lagaoboli */,
				72A999782455B4EB00AA49A4 /* LagaoboliAdmin */,
			);
		};
/* End PBXProject section */

/* Begin PBXResourcesBuildPhase section */
		72A9995C2455B4AC00AA49A4 /* Resources */ = {
			isa = PBXResourcesBuildPhase;
			buildActionMask = 2147483647;
			files = (
				72A9996E2455B4AE00AA49A4 /* LaunchScreen.storyboard in Resources */,
				72A9996B2455B4AE00AA49A4 /* Assets.xcassets in Resources */,
				72A999692455B4AC00AA49A4 /* Main.storyboard in Resources */,
			);
			runOnlyForDeploymentPostprocessing = 0;
		};
		72A999772455B4EB00AA49A4 /* Resources */ = {
			isa = PBXResourcesBuildPhase;
			buildActionMask = 2147483647;
			files = (
				72A999882455B4EC00AA49A4 /* LaunchScreen.storyboard in Resources */,
				72A9998E2455B56300AA49A4 /* Assets.xcassets in Resources */,
				72A999832455B4EB00AA49A4 /* Main.storyboard in Resources */,
			);
			runOnlyForDeploymentPostprocessing = 0;
		};
/* End PBXResourcesBuildPhase section */

/* Begin PBXSourcesBuildPhase section */
		72A9995A2455B4AC00AA49A4 /* Sources */ = {
			isa = PBXSourcesBuildPhase;
			buildActionMask = 2147483647;
			files = (
				72A999662455B4AC00AA49A4 /* ViewController.swift in Sources */,
				72A999622455B4AC00AA49A4 /* AppDelegate.swift in Sources */,
				72A999642455B4AC00AA49A4 /* SceneDelegate.swift in Sources */,
			);
			runOnlyForDeploymentPostprocessing = 0;
		};
		72A999752455B4EB00AA49A4 /* Sources */ = {
			isa = PBXSourcesBuildPhase;
			buildActionMask = 2147483647;
			files = (
				72A999802455B4EB00AA49A4 /* ViewController.swift in Sources */,
				72A9997C2455B4EB00AA49A4 /* AppDelegate.swift in Sources */,
				72A9997E2455B4EB00AA49A4 /* SceneDelegate.swift in Sources */,
			);
			runOnlyForDeploymentPostprocessing = 0;
		};
/* End PBXSourcesBuildPhase section */

/* Begin PBXVariantGroup section */
		72A999672455B4AC00AA49A4 /* Main.storyboard */ = {
			isa = PBXVariantGroup;
			children = (
				72A999682455B4AC00AA49A4 /* Base */,
			);
			name = Main.storyboard;
			sourceTree = "<group>";
		};
		72A9996C2455B4AE00AA49A4 /* LaunchScreen.storyboard */ = {
			isa = PBXVariantGroup;
			children = (
				72A9996D2455B4AE00AA49A4 /* Base */,
			);
			name = LaunchScreen.storyboard;
			sourceTree = "<group>";
		};
		72A999812455B4EB00AA49A4 /* Main.storyboard */ = {
			isa = PBXVariantGroup;
			children = (
				72A999822455B4EB00AA49A4 /* Base */,
			);
			name = Main.storyboard;
			sourceTree = "<group>";
		};
		72A999862455B4EC00AA49A4 /* LaunchScreen.storyboard */ = {
			isa = PBXVariantGroup;
			children = (
				72A999872455B4EC00AA49A4 /* Base */,
			);
			name = LaunchScreen.storyboard;
			sourceTree = "<group>";
		};
/* End PBXVariantGroup section */

/* Begin XCBuildConfiguration section */
		72A999702455B4AE00AA49A4 /* Debug */ = {
			isa = XCBuildConfiguration;
			buildSettings = {
				ALWAYS_SEARCH_USER_PATHS = NO;
				CLANG_ANALYZER_NONNULL = YES;
				CLANG_ANALYZER_NUMBER_OBJECT_CONVERSION = YES_AGGRESSIVE;
				CLANG_CXX_LANGUAGE_STANDARD = "gnu++14";
				CLANG_CXX_LIBRARY = "libc++";
				CLANG_ENABLE_MODULES = YES;
				CLANG_ENABLE_OBJC_ARC = YES;
				CLANG_ENABLE_OBJC_WEAK = YES;
				CLANG_WARN_BLOCK_CAPTURE_AUTORELEASING = YES;
				CLANG_WARN_BOOL_CONVERSION = YES;
				CLANG_WARN_COMMA = YES;
				CLANG_WARN_CONSTANT_CONVERSION = YES;
				CLANG_WARN_DEPRECATED_OBJC_IMPLEMENTATIONS = YES;
				CLANG_WARN_DIRECT_OBJC_ISA_USAGE = YES_ERROR;
				CLANG_WARN_DOCUMENTATION_COMMENTS = YES;
				CLANG_WARN_EMPTY_BODY = YES;
				CLANG_WARN_ENUM_CONVERSION = YES;
				CLANG_WARN_INFINITE_RECURSION = YES;
				CLANG_WARN_INT_CONVERSION = YES;
				CLANG_WARN_NON_LITERAL_NULL_CONVERSION = YES;
				CLANG_WARN_OBJC_IMPLICIT_RETAIN_SELF = YES;
				CLANG_WARN_OBJC_LITERAL_CONVERSION = YES;
				CLANG_WARN_OBJC_ROOT_CLASS = YES_ERROR;
				CLANG_WARN_RANGE_LOOP_ANALYSIS = YES;
				CLANG_WARN_STRICT_PROTOTYPES = YES;
				CLANG_WARN_SUSPICIOUS_MOVE = YES;
				CLANG_WARN_UNGUARDED_AVAILABILITY = YES_AGGRESSIVE;
				CLANG_WARN_UNREACHABLE_CODE = YES;
				CLANG_WARN__DUPLICATE_METHOD_MATCH = YES;
				COPY_PHASE_STRIP = NO;
				DEBUG_INFORMATION_FORMAT = dwarf;
				ENABLE_STRICT_OBJC_MSGSEND = YES;
				ENABLE_TESTABILITY = YES;
				GCC_C_LANGUAGE_STANDARD = gnu11;
				GCC_DYNAMIC_NO_PIC = NO;
				GCC_NO_COMMON_BLOCKS = YES;
				GCC_OPTIMIZATION_LEVEL = 0;
				GCC_PREPROCESSOR_DEFINITIONS = (
					"DEBUG=1",
					"$(inherited)",
				);
				GCC_WARN_64_TO_32_BIT_CONVERSION = YES;
				GCC_WARN_ABOUT_RETURN_TYPE = YES_ERROR;
				GCC_WARN_UNDECLARED_SELECTOR = YES;
				GCC_WARN_UNINITIALIZED_AUTOS = YES_AGGRESSIVE;
				GCC_WARN_UNUSED_FUNCTION = YES;
				GCC_WARN_UNUSED_VARIABLE = YES;
				IPHONEOS_DEPLOYMENT_TARGET = 13.2;
				MTL_ENABLE_DEBUG_INFO = INCLUDE_SOURCE;
				MTL_FAST_MATH = YES;
				ONLY_ACTIVE_ARCH = YES;
				SDKROOT = iphoneos;
				SWIFT_ACTIVE_COMPILATION_CONDITIONS = DEBUG;
				SWIFT_OPTIMIZATION_LEVEL = "-Onone";
			};
			name = Debug;
		};
		72A999712455B4AE00AA49A4 /* Release */ = {
			isa = XCBuildConfiguration;
			buildSettings = {
				ALWAYS_SEARCH_USER_PATHS = NO;
				CLANG_ANALYZER_NONNULL = YES;
				CLANG_ANALYZER_NUMBER_OBJECT_CONVERSION = YES_AGGRESSIVE;
				CLANG_CXX_LANGUAGE_STANDARD = "gnu++14";
				CLANG_CXX_LIBRARY = "libc++";
				CLANG_ENABLE_MODULES = YES;
				CLANG_ENABLE_OBJC_ARC = YES;
				CLANG_ENABLE_OBJC_WEAK = YES;
				CLANG_WARN_BLOCK_CAPTURE_AUTORELEASING = YES;
				CLANG_WARN_BOOL_CONVERSION = YES;
				CLANG_WARN_COMMA = YES;
				CLANG_WARN_CONSTANT_CONVERSION = YES;
				CLANG_WARN_DEPRECATED_OBJC_IMPLEMENTATIONS = YES;
				CLANG_WARN_DIRECT_OBJC_ISA_USAGE = YES_ERROR;
				CLANG_WARN_DOCUMENTATION_COMMENTS = YES;
				CLANG_WARN_EMPTY_BODY = YES;
				CLANG_WARN_ENUM_CONVERSION = YES;
				CLANG_WARN_INFINITE_RECURSION = YES;
				CLANG_WARN_INT_CONVERSION = YES;
				CLANG_WARN_NON_LITERAL_NULL_CONVERSION = YES;
				CLANG_WARN_OBJC_IMPLICIT_RETAIN_SELF = YES;
				CLANG_WARN_OBJC_LITERAL_CONVERSION = YES;
				CLANG_WARN_OBJC_ROOT_CLASS = YES_ERROR;
				CLANG_WARN_RANGE_LOOP_ANALYSIS = YES;
				CLANG_WARN_STRICT_PROTOTYPES = YES;
				CLANG_WARN_SUSPICIOUS_MOVE = YES;
				CLANG_WARN_UNGUARDED_AVAILABILITY = YES_AGGRESSIVE;
				CLANG_WARN_UNREACHABLE_CODE = YES;
				CLANG_WARN__DUPLICATE_METHOD_MATCH = YES;
				COPY_PHASE_STRIP = NO;
				DEBUG_INFORMATION_FORMAT = "dwarf-with-dsym";
				ENABLE_NS_ASSERTIONS = NO;
				ENABLE_STRICT_OBJC_MSGSEND = YES;
				GCC_C_LANGUAGE_STANDARD = gnu11;
				GCC_NO_COMMON_BLOCKS = YES;
				GCC_WARN_64_TO_32_BIT_CONVERSION = YES;
				GCC_WARN_ABOUT_RETURN_TYPE = YES_ERROR;
				GCC_WARN_UNDECLARED_SELECTOR = YES;
				GCC_WARN_UNINITIALIZED_AUTOS = YES_AGGRESSIVE;
				GCC_WARN_UNUSED_FUNCTION = YES;
				GCC_WARN_UNUSED_VARIABLE = YES;
				IPHONEOS_DEPLOYMENT_TARGET = 13.2;
				MTL_ENABLE_DEBUG_INFO = NO;
				MTL_FAST_MATH = YES;
				SDKROOT = iphoneos;
				SWIFT_COMPILATION_MODE = wholemodule;
				SWIFT_OPTIMIZATION_LEVEL = "-O";
				VALIDATE_PRODUCT = YES;
			};
			name = Release;
		};
		72A999732455B4AE00AA49A4 /* Debug */ = {
			isa = XCBuildConfiguration;
			buildSettings = {
				ASSETCATALOG_COMPILER_APPICON_NAME = AppIcon;
				CODE_SIGN_STYLE = Automatic;
				INFOPLIST_FILE = Lagaoboli/Info.plist;
				LD_RUNPATH_SEARCH_PATHS = (
					"$(inherited)",
					"@executable_path/Frameworks",
				);
				PRODUCT_BUNDLE_IDENTIFIER = Pooja.Lagaoboli;
				PRODUCT_NAME = "$(TARGET_NAME)";
				SWIFT_VERSION = 5.0;
				TARGETED_DEVICE_FAMILY = "1,2";
			};
			name = Debug;
		};
		72A999742455B4AE00AA49A4 /* Release */ = {
			isa = XCBuildConfiguration;
			buildSettings = {
				ASSETCATALOG_COMPILER_APPICON_NAME = AppIcon;
				CODE_SIGN_STYLE = Automatic;
				INFOPLIST_FILE = Lagaoboli/Info.plist;
				LD_RUNPATH_SEARCH_PATHS = (
					"$(inherited)",
					"@executable_path/Frameworks",
				);
				PRODUCT_BUNDLE_IDENTIFIER = Pooja.Lagaoboli;
				PRODUCT_NAME = "$(TARGET_NAME)";
				SWIFT_VERSION = 5.0;
				TARGETED_DEVICE_FAMILY = "1,2";
			};
			name = Release;
		};
		72A9998B2455B4EC00AA49A4 /* Debug */ = {
			isa = XCBuildConfiguration;
			buildSettings = {
				ASSETCATALOG_COMPILER_APPICON_NAME = AppIcon;
				CODE_SIGN_STYLE = Automatic;
				INFOPLIST_FILE = LagaoboliAdmin/Info.plist;
				LD_RUNPATH_SEARCH_PATHS = (
					"$(inherited)",
					"@executable_path/Frameworks",
				);
				PRODUCT_BUNDLE_IDENTIFIER = Pooja.LagaoboliAdmin;
				PRODUCT_NAME = "$(TARGET_NAME)";
				SWIFT_VERSION = 5.0;
				TARGETED_DEVICE_FAMILY = "1,2";
			};
			name = Debug;
		};
		72A9998C2455B4EC00AA49A4 /* Release */ = {
			isa = XCBuildConfiguration;
			buildSettings = {
				ASSETCATALOG_COMPILER_APPICON_NAME = AppIcon;
				CODE_SIGN_STYLE = Automatic;
				INFOPLIST_FILE = LagaoboliAdmin/Info.plist;
				LD_RUNPATH_SEARCH_PATHS = (
					"$(inherited)",
					"@executable_path/Frameworks",
				);
				PRODUCT_BUNDLE_IDENTIFIER = Pooja.LagaoboliAdmin;
				PRODUCT_NAME = "$(TARGET_NAME)";
				SWIFT_VERSION = 5.0;
				TARGETED_DEVICE_FAMILY = "1,2";
			};
			name = Release;
		};
/* End XCBuildConfiguration section */

/* Begin XCConfigurationList section */
		72A999592455B4AC00AA49A4 /* Build configuration list for PBXProject "Lagaoboli" */ = {
			isa = XCConfigurationList;
			buildConfigurations = (
				72A999702455B4AE00AA49A4 /* Debug */,
				72A999712455B4AE00AA49A4 /* Release */,
			);
			defaultConfigurationIsVisible = 0;
			defaultConfigurationName = Release;
		};
		72A999722455B4AE00AA49A4 /* Build configuration list for PBXNativeTarget "Lagaoboli" */ = {
			isa = XCConfigurationList;
			buildConfigurations = (
				72A999732455B4AE00AA49A4 /* Debug */,
				72A999742455B4AE00AA49A4 /* Release */,
			);
			defaultConfigurationIsVisible = 0;
			defaultConfigurationName = Release;
		};
		72A9998A2455B4EC00AA49A4 /* Build configuration list for PBXNativeTarget "LagaoboliAdmin" */ = {
			isa = XCConfigurationList;
			buildConfigurations = (
				72A9998B2455B4EC00AA49A4 /* Debug */,
				72A9998C2455B4EC00AA49A4 /* Release */,
			);
			defaultConfigurationIsVisible = 0;
			defaultConfigurationName = Release;
		};
/* End XCConfigurationList section */
	};
	rootObject = 72A999562455B4AC00AA49A4 /* Project object */;
}
